
Microsoft Visual Studio Solution File, Format Version 12.00
# Visual Studio Version 16
VisualStudioVersion = 16.0.30320.27
MinimumVisualStudioVersion = 10.0.40219.1
Project("{FAE04EC0-301F-11D3-BF4B-00C04F79EFBC}") = "MySoft", "MySoft.csproj", "{4C90C2A8-78AB-4D36-BAD5-8E2D05D2F774}"
EndProject
Global
	GlobalSection(SolutionConfigurationPlatforms) = preSolution
		Debug|Any CPU = Debug|Any CPU
		Release|Any CPU = Release|Any CPU
	EndGlobalSection
	GlobalSection(ProjectConfigurationPlatforms) = postSolution
		{4C90C2A8-78AB-4D36-BAD5-8E2D05D2F774}.Debug|Any CPU.ActiveCfg = Debug|Any CPU
		{4C90C2A8-78AB-4D36-BAD5-8E2D05D2F774}.Debug|Any CPU.Build.0 = Debug|Any CPU
		{4C90C2A8-78AB-4D36-BAD5-8E2D05D2F774}.Release|Any CPU.ActiveCfg = Release|Any CPU
		{4C90C2A8-78AB-4D36-BAD5-8E2D05D2F774}.Release|Any CPU.Build.0 = Release|Any CPU
	EndGlobalSection
	GlobalSection(SolutionProperties) = preSolution
		HideSolutionNode = FALSE
	EndGlobalSection
	GlobalSection(ExtensibilityGlobals) = postSolution
		SolutionGuid = {EFCCA47B-3EA0-4FCF-9A58-151A6FC71909}
	EndGlobalSection
EndGlobal
